
Microsoft Visual Studio Solution File, Format Version 12.00
# Visual Studio Version 17
VisualStudioVersion = 17.11.35219.272
MinimumVisualStudioVersion = 10.0.40219.1
Project("{FAE04EC0-301F-11D3-BF4B-00C04F79EFBC}") = "BusinessObjects", "BusinessObjects\BusinessObjects.csproj", "{087BA2AA-7699-4CFD-ADC2-8153969EFC05}"
EndProject
Global
	GlobalSection(SolutionConfigurationPlatforms) = preSolution
		Debug|Any CPU = Debug|Any CPU
		Release|Any CPU = Release|Any CPU
	EndGlobalSection
	GlobalSection(ProjectConfigurationPlatforms) = postSolution
		{087BA2AA-7699-4CFD-ADC2-8153969EFC05}.Debug|Any CPU.ActiveCfg = Debug|Any CPU
		{087BA2AA-7699-4CFD-ADC2-8153969EFC05}.Debug|Any CPU.Build.0 = Debug|Any CPU
		{087BA2AA-7699-4CFD-ADC2-8153969EFC05}.Release|Any CPU.ActiveCfg = Release|Any CPU
		{087BA2AA-7699-4CFD-ADC2-8153969EFC05}.Release|Any CPU.Build.0 = Release|Any CPU
	EndGlobalSection
	GlobalSection(SolutionProperties) = preSolution
		HideSolutionNode = FALSE
	EndGlobalSection
	GlobalSection(ExtensibilityGlobals) = postSolution
		SolutionGuid = {F1955379-8711-4D3D-8486-691AAE41B85D}
	EndGlobalSection
EndGlobal
